
Microsoft Visual Studio Solution File, Format Version 12.00
# Visual Studio Version 16
VisualStudioVersion = 16.0.30717.126
MinimumVisualStudioVersion = 10.0.40219.1
Project("{FAE04EC0-301F-11D3-BF4B-00C04F79EFBC}") = "CSharpHeists", "CSharpHeists.csproj", "{B2AEB067-89FC-4924-941D-A14B720C5AAD}"
EndProject
Global
	GlobalSection(SolutionConfigurationPlatforms) = preSolution
		Debug|Any CPU = Debug|Any CPU
		Release|Any CPU = Release|Any CPU
	EndGlobalSection
	GlobalSection(ProjectConfigurationPlatforms) = postSolution
		{B2AEB067-89FC-4924-941D-A14B720C5AAD}.Debug|Any CPU.ActiveCfg = Debug|Any CPU
		{B2AEB067-89FC-4924-941D-A14B720C5AAD}.Debug|Any CPU.Build.0 = Debug|Any CPU
		{B2AEB067-89FC-4924-941D-A14B720C5AAD}.Release|Any CPU.ActiveCfg = Release|Any CPU
		{B2AEB067-89FC-4924-941D-A14B720C5AAD}.Release|Any CPU.Build.0 = Release|Any CPU
	EndGlobalSection
	GlobalSection(SolutionProperties) = preSolution
		HideSolutionNode = FALSE
	EndGlobalSection
	GlobalSection(ExtensibilityGlobals) = postSolution
		SolutionGuid = {D5F6C74B-5835-4FA3-AB36-3279BC08FCE8}
	EndGlobalSection
EndGlobal
